{
  "name": "@danmarshall/deckgl-typings",
  "version": "4.9.12",
  "lockfileVersion": 1,
  "requires": true,
  "dependencies": {
    "@babel/runtime": {
      "version": "7.12.5",
      "resolved": "https://registry.npmjs.org/@babel/runtime/-/runtime-7.12.5.tgz",
      "integrity": "sha512-plcc+hbExy3McchJCEQG3knOsuh3HH+Prx1P6cLIkET/0dLuQDEnrT+s27Axgc9bqfsmNUNHfscgMUdBpC9xfg==",
      "dev": true,
      "requires": {
        "regenerator-runtime": "^0.13.4"
      }
    },
    "@deck.gl/aggregation-layers": {
      "version": "8.3.14",
      "resolved": "https://registry.npmjs.org/@deck.gl/aggregation-layers/-/aggregation-layers-8.3.14.tgz",
      "integrity": "sha512-kX+BZxhcM8g3tFF7woxxF1g5soHSN/Vp9YygHBRo3YhIVgNHcMv1wkyMZ0XFxQ6mDSsqK87XWZrPQu8TFm/J3w==",
      "dev": true,
      "requires": {
        "@luma.gl/shadertools": "^8.3.1",
        "@math.gl/web-mercator": "^3.3.0",
        "d3-hexbin": "^0.2.1"
      }
    },
    "@deck.gl/arcgis": {
      "version": "8.4.9",
      "resolved": "https://registry.npmjs.org/@deck.gl/arcgis/-/arcgis-8.4.9.tgz",
      "integrity": "sha512-FdA/OtK0SzZZ5KuV9FVMoYIsUAfAAnruxUASgdTHzBTDEuuyGxUF1otEZdFmRQ0alT1NrG99L4Zpso8WQyh2Hw==",
      "dev": true,
      "requires": {
        "esri-loader": "^2.13.0"
      }
    },
    "@deck.gl/carto": {
      "version": "8.3.14",
      "resolved": "https://registry.npmjs.org/@deck.gl/carto/-/carto-8.3.14.tgz",
      "integrity": "sha512-HSiI0ULCocWzoqW+waBc+5DqLdLdILoFwRbdiCxxmgD/u5luy4UkcJAgC5lNngt6JxaUeG0LUsixXU+SXcTHkg==",
      "dev": true,
      "requires": {
        "@loaders.gl/loader-utils": "^2.3.0",
        "@loaders.gl/mvt": "^2.3.0",
        "@loaders.gl/tiles": "^2.3.0",
        "@math.gl/web-mercator": "^3.3.0"
      }
    },
    "@deck.gl/core": {
      "version": "8.3.14",
      "resolved": "https://registry.npmjs.org/@deck.gl/core/-/core-8.3.14.tgz",
      "integrity": "sha512-fUdLGJk/TqC7goI//hAesGkT+jT/v852EYRZWskBh6CEgkuO3k+J4Y0DBYOe8XCpP7oYhLiMqoB89PXWfEeUcQ==",
      "dev": true,
      "requires": {
        "@loaders.gl/core": "^2.3.0",
        "@loaders.gl/images": "^2.3.0",
        "@luma.gl/core": "^8.3.1",
        "@math.gl/web-mercator": "^3.3.0",
        "gl-matrix": "^3.0.0",
        "math.gl": "^3.3.0",
        "mjolnir.js": "^2.3.0",
        "probe.gl": "^3.2.1"
      }
    },
    "@deck.gl/extensions": {
      "version": "8.3.14",
      "resolved": "https://registry.npmjs.org/@deck.gl/extensions/-/extensions-8.3.14.tgz",
      "integrity": "sha512-ycRX/Ye9c5m1M7rOtxHohe+UQ6JeKn+VGbwuowstaveIVUoSf7I8miZ9jgFpU19cDG435opVXvVxEfODlOsMYw==",
      "dev": true,
      "requires": {
        "@luma.gl/shadertools": "^8.3.1"
      }
    },
    "@deck.gl/geo-layers": {
      "version": "8.3.14",
      "resolved": "https://registry.npmjs.org/@deck.gl/geo-layers/-/geo-layers-8.3.14.tgz",
      "integrity": "sha512-wue3CLly3JkPAD40FKqHfTl4xJShuMYbrX1NYPdc9k86nySsZswu3HR5ZZ94DQQdBddvoDLPr40aiXd8h1UBhA==",
      "dev": true,
      "requires": {
        "@loaders.gl/3d-tiles": "^2.3.0",
        "@loaders.gl/loader-utils": "^2.3.0",
        "@loaders.gl/mvt": "^2.3.0",
        "@loaders.gl/terrain": "^2.3.0",
        "@loaders.gl/tiles": "^2.3.0",
        "@math.gl/culling": "^3.3.0",
        "@math.gl/web-mercator": "^3.3.0",
        "h3-js": "^3.6.0",
        "long": "^3.2.0",
        "math.gl": "^3.3.0"
      }
    },
    "@deck.gl/google-maps": {
      "version": "8.3.14",
      "resolved": "https://registry.npmjs.org/@deck.gl/google-maps/-/google-maps-8.3.14.tgz",
      "integrity": "sha512-9uBmWCt91zypRkN0aCNzGsGGq8Q6cXDCrRvXFzuUvePptqTo2SFLV5Pp8uDudZNgAcN/TDFg+GW8ye4RAdOc1g==",
      "dev": true
    },
    "@deck.gl/json": {
      "version": "8.3.14",
      "resolved": "https://registry.npmjs.org/@deck.gl/json/-/json-8.3.14.tgz",
      "integrity": "sha512-PiHU448s/gMXF8pPCZHx4XgWuTosr5iNJNwrGAwfgFaMpRnFoyyl73iqxoAtRSFcgDMI6KhSyyV3S600DIf41g==",
      "dev": true,
      "requires": {
        "d3-dsv": "^1.0.8",
        "expression-eval": "^2.0.0"
      }
    },
    "@deck.gl/layers": {
      "version": "8.3.14",
      "resolved": "https://registry.npmjs.org/@deck.gl/layers/-/layers-8.3.14.tgz",
      "integrity": "sha512-/dtSjPoNAewgCdZ1mH4pUHb7vk6HrPXi7AjX+dl4NlsK25pUT3UgBwXH7cxJt8KpFRSgXt0IBgnruBA3dFB5yQ==",
      "dev": true,
      "requires": {
        "@loaders.gl/images": "^2.3.0",
        "@mapbox/tiny-sdf": "^1.1.0",
        "@math.gl/polygon": "^3.3.0",
        "earcut": "^2.0.6"
      }
    },
    "@deck.gl/mapbox": {
      "version": "8.3.14",
      "resolved": "https://registry.npmjs.org/@deck.gl/mapbox/-/mapbox-8.3.14.tgz",
      "integrity": "sha512-0cIxA4ga4N8EMXJPJMHxIAeQKG4Dt8vR1PEmHazB7rC5Gw1ew6hILQXpt64Bj+4xV08vbvPZNgvMs1x2k1g9eA==",
      "dev": true
    },
    "@deck.gl/mesh-layers": {
      "version": "8.3.14",
      "resolved": "https://registry.npmjs.org/@deck.gl/mesh-layers/-/mesh-layers-8.3.14.tgz",
      "integrity": "sha512-8+XyakKrwjMzy/0oc4aqJZAzRHc/B2Gq4aQ3Y0npKmSQ9JSrWXwVlZunfwiigkfoc8KspYqvgYTDQZmBvwEwfA==",
      "dev": true,
      "requires": {
        "@luma.gl/experimental": "^8.3.1",
        "@luma.gl/shadertools": "^8.3.1"
      }
    },
    "@deck.gl/react": {
      "version": "8.3.14",
      "resolved": "https://registry.npmjs.org/@deck.gl/react/-/react-8.3.14.tgz",
      "integrity": "sha512-GthS5YR4+hiPdVkcKHuVE+AY6TPmjzxCC9iaCcj/WKnVmhePk0Es2/goGGRTi5Ti2nlE5OywVtGw9IFLX+AOaw==",
      "dev": true,
      "requires": {
        "prop-types": "^15.6.0"
      }
    },
    "@loaders.gl/3d-tiles": {
      "version": "2.3.8",
      "resolved": "https://registry.npmjs.org/@loaders.gl/3d-tiles/-/3d-tiles-2.3.8.tgz",
      "integrity": "sha512-bcLE8wCIlhZTL1GzG7/ikJO+Psz/zwGoFXWQA3xnFTOKdt54VTTx+wxjC9RJwqXkpxhFLbkle0OUwXlnzqkZPQ==",
      "dev": true,
      "requires": {
        "@loaders.gl/core": "2.3.8",
        "@loaders.gl/draco": "2.3.8",
        "@loaders.gl/gltf": "2.3.8",
        "@loaders.gl/loader-utils": "2.3.8",
        "@loaders.gl/math": "2.3.8",
        "@loaders.gl/tiles": "2.3.8",
        "@math.gl/core": "^3.3.0",
        "@math.gl/geospatial": "^3.3.0",
        "@probe.gl/stats": "^3.3.0"
      }
    },
    "@loaders.gl/core": {
      "version": "2.3.8",
      "resolved": "https://registry.npmjs.org/@loaders.gl/core/-/core-2.3.8.tgz",
      "integrity": "sha512-7LjLzo5h4DxQos7GzyZ7HB9I7k2LaM3riem4xSuUwaYvshyeynVj6dC6LzNja1WWgC+H20rYRiokyzNT01bAcw==",
      "dev": true,
      "requires": {
        "@babel/runtime": "^7.3.1",
        "@loaders.gl/loader-utils": "2.3.8"
      }
    },
    "@loaders.gl/draco": {
      "version": "2.3.8",
      "resolved": "https://registry.npmjs.org/@loaders.gl/draco/-/draco-2.3.8.tgz",
      "integrity": "sha512-Okz+Lde8AdzNTQD+4N11xbycW8StEX/NF+8e+RmJUhw+mrs+NgAlT34sAnnRXU228bYEfOlb42Qbj6ymQNBxvw==",
      "dev": true,
      "requires": {
        "@babel/runtime": "^7.3.1",
        "@loaders.gl/loader-utils": "2.3.8",
        "draco3d": "^1.3.6"
      }
    },
    "@loaders.gl/gis": {
      "version": "2.3.8",
      "resolved": "https://registry.npmjs.org/@loaders.gl/gis/-/gis-2.3.8.tgz",
      "integrity": "sha512-yCZcQO5/abnyeIxOR0bXc9NEsgtwOs2gtPe/2vlUmnJjxmJvAg36MF3jPs46l8MBxieHXjRnDWNO5CPOUEV5mA==",
      "dev": true,
      "requires": {
        "@loaders.gl/loader-utils": "2.3.8",
        "@mapbox/vector-tile": "^1.3.1",
        "pbf": "^3.2.1"
      }
    },
    "@loaders.gl/gltf": {
      "version": "2.3.8",
      "resolved": "https://registry.npmjs.org/@loaders.gl/gltf/-/gltf-2.3.8.tgz",
      "integrity": "sha512-aaFgRnhJwpK5AWDdvAb1RE5tT7xtRSHi/ujSKuCK5ckdZHRksGCM6EjkmGBwhd6l3+InOzzIS2I+STG0PQD/Kg==",
      "dev": true,
      "requires": {
        "@loaders.gl/core": "2.3.8",
        "@loaders.gl/draco": "2.3.8",
        "@loaders.gl/images": "2.3.8",
        "@loaders.gl/loader-utils": "2.3.8"
      }
    },
    "@loaders.gl/images": {
      "version": "2.3.8",
      "resolved": "https://registry.npmjs.org/@loaders.gl/images/-/images-2.3.8.tgz",
      "integrity": "sha512-i1HeVaCGmOWVYYUdNCsKutVP4jzJFsYufgVS90g2HCBqI0j+mqRfQx7EDid7FeOCS3koIL0zgxugzfnVYKGmTQ==",
      "dev": true,
      "requires": {
        "@loaders.gl/loader-utils": "2.3.8"
      }
    },
    "@loaders.gl/loader-utils": {
      "version": "2.3.8",
      "resolved": "https://registry.npmjs.org/@loaders.gl/loader-utils/-/loader-utils-2.3.8.tgz",
      "integrity": "sha512-NqFt5lmdEFA6lJRFYDyeK2/wIxbfJHlwCTIG2qBhUwnC+FkmHVAWXj0/w9Ta8HtZo0TeFKKXCjhHZDyBanstgg==",
      "dev": true,
      "requires": {
        "@babel/runtime": "^7.3.1",
        "@probe.gl/stats": "^3.3.0"
      }
    },
    "@loaders.gl/math": {
      "version": "2.3.8",
      "resolved": "https://registry.npmjs.org/@loaders.gl/math/-/math-2.3.8.tgz",
      "integrity": "sha512-crBmIuF1Ej7n5ixAl1SciUACaPKoBPi2yVWIdt6AkTSLDXaCBaMqVag8Krl5KuUVgkCey6lP3FV0LVSPLf/8ng==",
      "dev": true,
      "requires": {
        "@loaders.gl/images": "2.3.8",
        "@loaders.gl/loader-utils": "2.3.8",
        "@math.gl/core": "^3.3.0"
      }
    },
    "@loaders.gl/mvt": {
      "version": "2.3.8",
      "resolved": "https://registry.npmjs.org/@loaders.gl/mvt/-/mvt-2.3.8.tgz",
      "integrity": "sha512-aSpQ+rceylzueISMNSZvNDbZgthTxXSPbnZGVkgXfgo5EB+9kA8HUSRoA82eIcq8EObmaruddMmrqcmQR1njcw==",
      "dev": true,
      "requires": {
        "@loaders.gl/gis": "2.3.8",
        "@loaders.gl/loader-utils": "2.3.8",
        "@mapbox/point-geometry": "~0.1.0",
        "@mapbox/vector-tile": "^1.3.1",
        "pbf": "^3.2.1"
      }
    },
    "@loaders.gl/terrain": {
      "version": "2.3.8",
      "resolved": "https://registry.npmjs.org/@loaders.gl/terrain/-/terrain-2.3.8.tgz",
      "integrity": "sha512-rWaYYWW5QBj0obYmRdrtE+ebI9uvJuJCGJgdHVqI3CYVxZ1vN6Eoi46FZFgytomapWM0ZZlL4Kt8BKymHJJFEA==",
      "dev": true,
      "requires": {
        "@babel/runtime": "^7.3.1",
        "@loaders.gl/loader-utils": "2.3.8",
        "@mapbox/martini": "^0.2.0"
      }
    },
    "@loaders.gl/tiles": {
      "version": "2.3.8",
      "resolved": "https://registry.npmjs.org/@loaders.gl/tiles/-/tiles-2.3.8.tgz",
      "integrity": "sha512-5CV98/X88SlXzLfcaS0zzo9Q1Vjm08YZzyHxoSqqAesDkqRvqub3Esoc8jqFzozFQvyjJuh9jjXlpRhm1+nR0A==",
      "dev": true,
      "requires": {
        "@loaders.gl/core": "2.3.8",
        "@loaders.gl/loader-utils": "2.3.8",
        "@loaders.gl/math": "2.3.8",
        "@math.gl/core": "^3.3.0",
        "@math.gl/culling": "^3.3.0",
        "@math.gl/geospatial": "^3.3.0",
        "@math.gl/web-mercator": "^3.3.0",
        "@probe.gl/stats": "^3.3.0"
      }
    },
    "@luma.gl/constants": {
      "version": "8.3.2",
      "resolved": "https://registry.npmjs.org/@luma.gl/constants/-/constants-8.3.2.tgz",
      "integrity": "sha512-KSNNXv5eE9bkMH2AcZpLysqNEU0SDDZ8JthjHtkdVyOSr4yMeAaRXyWeSuLJITiemXkm4Um8jX6Ub12OW9JPug==",
      "dev": true
    },
    "@luma.gl/core": {
      "version": "8.3.2",
      "resolved": "https://registry.npmjs.org/@luma.gl/core/-/core-8.3.2.tgz",
      "integrity": "sha512-VNFAI0o54+e5biugtz19p2Mapv2xFTZ3qqtWE4xwqst4K/HqvWhoBcWsS5NYlzD6ipsUWTlaidA4ROkbFJINMw==",
      "dev": true,
      "requires": {
        "@babel/runtime": "^7.0.0",
        "@luma.gl/constants": "8.3.2",
        "@luma.gl/engine": "8.3.2",
        "@luma.gl/shadertools": "8.3.2",
        "@luma.gl/webgl": "8.3.2"
      }
    },
    "@luma.gl/engine": {
      "version": "8.3.2",
      "resolved": "https://registry.npmjs.org/@luma.gl/engine/-/engine-8.3.2.tgz",
      "integrity": "sha512-9msfc/7HemWrCyIbBH9FA3LgOeaPhuit9e+YcEw3UCAo+6AY/+V1EAawne1Lvd4lXgNQb3L8L5yAP60Qr8rGxA==",
      "dev": true,
      "requires": {
        "@babel/runtime": "^7.0.0",
        "@luma.gl/constants": "8.3.2",
        "@luma.gl/gltools": "8.3.2",
        "@luma.gl/shadertools": "8.3.2",
        "@luma.gl/webgl": "8.3.2",
        "math.gl": "^3.3.0",
        "probe.gl": "^3.2.1"
      }
    },
    "@luma.gl/experimental": {
      "version": "8.3.2",
      "resolved": "https://registry.npmjs.org/@luma.gl/experimental/-/experimental-8.3.2.tgz",
      "integrity": "sha512-X0Qv7KUNT311ec6/TQzv4LXvcLpsF62+CurjBQ/vXmpHAhWU7Ufx2Vhab43rrkHvoUXnSmQL62I8HBDtaTL/fw==",
      "dev": true,
      "requires": {
        "@luma.gl/constants": "8.3.2",
        "earcut": "^2.0.6",
        "math.gl": "^3.3.0"
      }
    },
    "@luma.gl/gltools": {
      "version": "8.3.2",
      "resolved": "https://registry.npmjs.org/@luma.gl/gltools/-/gltools-8.3.2.tgz",
      "integrity": "sha512-JGsVdFkr9o74nn1D8vf9huW1hcZiGNAhOtA2jAv9GG4oHPIKLRN8p95QroYMFYl/DcfAxXNR+Mq7hPiTtDiw9w==",
      "dev": true,
      "requires": {
        "@babel/runtime": "^7.0.0",
        "@luma.gl/constants": "8.3.2",
        "probe.gl": "^3.2.1"
      }
    },
    "@luma.gl/shadertools": {
      "version": "8.3.2",
      "resolved": "https://registry.npmjs.org/@luma.gl/shadertools/-/shadertools-8.3.2.tgz",
      "integrity": "sha512-XEAPtEyfcrL9qNdv/xUxxFRmxYwx+LEJMyJ0rUGEZL17a1JMUsyW1B+5EnoNPQEMY4mL1vpa83qHPHX5gYw1FA==",
      "dev": true,
      "requires": {
        "@babel/runtime": "^7.0.0",
        "math.gl": "^3.3.0"
      }
    },
    "@luma.gl/webgl": {
      "version": "8.3.2",
      "resolved": "https://registry.npmjs.org/@luma.gl/webgl/-/webgl-8.3.2.tgz",
      "integrity": "sha512-mO3/DCCs/VlQbjFbqGE6FlGX/qU6pdMtS26JBCAV30dR40LO41uWWEz9HniDv92QPDPb+ZNCa5/yYbtLpZnADw==",
      "dev": true,
      "requires": {
        "@babel/runtime": "^7.0.0",
        "@luma.gl/constants": "8.3.2",
        "@luma.gl/gltools": "8.3.2",
        "probe.gl": "^3.2.1"
      }
    },
    "@luma.gl/webgl-state-tracker": {
      "version": "7.3.2",
      "resolved": "https://registry.npmjs.org/@luma.gl/webgl-state-tracker/-/webgl-state-tracker-7.3.2.tgz",
      "integrity": "sha512-0LuK3veReSm2UPOiDwC2CRDeE2xk4irqXdhyFO0WSAU1w+YhzbD1hGbjizGczvgfkbz8dFl9h98LbbH75efcKw==",
      "dev": true,
      "requires": {
        "@babel/runtime": "^7.0.0",
        "@luma.gl/constants": "7.3.2"
      },
      "dependencies": {
        "@luma.gl/constants": {
          "version": "7.3.2",
          "resolved": "https://registry.npmjs.org/@luma.gl/constants/-/constants-7.3.2.tgz",
          "integrity": "sha512-hr6JOOwsGPjjoHnil4sQ6AWsc8P6XXYtRL10TwNYfFTcNxrhSrjQvutYoCzXHH5U0vfHBfPMMUyLASK9FqiHOA==",
          "dev": true
        }
      }
    },
    "@mapbox/martini": {
      "version": "0.2.0",
      "resolved": "https://registry.npmjs.org/@mapbox/martini/-/martini-0.2.0.tgz",
      "integrity": "sha512-7hFhtkb0KTLEls+TRw/rWayq5EeHtTaErgm/NskVoXmtgAQu/9D299aeyj6mzAR/6XUnYRp2lU+4IcrYRFjVsQ==",
      "dev": true
    },
    "@mapbox/point-geometry": {
      "version": "0.1.0",
      "resolved": "https://registry.npmjs.org/@mapbox/point-geometry/-/point-geometry-0.1.0.tgz",
      "integrity": "sha1-ioP5M1x4YO/6Lu7KJUMyqgru2PI=",
      "dev": true
    },
    "@mapbox/tiny-sdf": {
      "version": "1.1.1",
      "resolved": "https://registry.npmjs.org/@mapbox/tiny-sdf/-/tiny-sdf-1.1.1.tgz",
      "integrity": "sha512-Ihn1nZcGIswJ5XGbgFAvVumOgWpvIjBX9jiRlIl46uQG9vJOF51ViBYHF95rEZupuyQbEmhLaDPLQlU7fUTsBg==",
      "dev": true
    },
    "@mapbox/vector-tile": {
      "version": "1.3.1",
      "resolved": "https://registry.npmjs.org/@mapbox/vector-tile/-/vector-tile-1.3.1.tgz",
      "integrity": "sha512-MCEddb8u44/xfQ3oD+Srl/tNcQoqTw3goGk2oLsrFxOTc3dUp+kAnby3PvAeeBYSMSjSPD1nd1AJA6W49WnoUw==",
      "dev": true,
      "requires": {
        "@mapbox/point-geometry": "~0.1.0"
      }
    },
    "@math.gl/core": {
      "version": "3.4.1",
      "resolved": "https://registry.npmjs.org/@math.gl/core/-/core-3.4.1.tgz",
      "integrity": "sha512-miAZL/WPU0B5hKrcg1K2nPU2GnOK6X84bwLoD0eTt2n7qT46ffh51Xu21V9kQp/cisE3l1ypukqSV/VHeaNxhQ==",
      "dev": true,
      "requires": {
        "@babel/runtime": "^7.12.0",
        "gl-matrix": "^3.0.0"
      }
    },
    "@math.gl/culling": {
      "version": "3.4.1",
      "resolved": "https://registry.npmjs.org/@math.gl/culling/-/culling-3.4.1.tgz",
      "integrity": "sha512-LnI640xiK7lNLsesl5iK/gzNgFUDvWq2f39qgrwctuj961NCVFIzNSGTl5BMHmMQYKZY+5ZvZKzgO9dpqaqAzw==",
      "dev": true,
      "requires": {
        "@babel/runtime": "^7.12.0",
        "@math.gl/core": "3.4.1",
        "gl-matrix": "^3.0.0"
      }
    },
    "@math.gl/geospatial": {
      "version": "3.4.1",
      "resolved": "https://registry.npmjs.org/@math.gl/geospatial/-/geospatial-3.4.1.tgz",
      "integrity": "sha512-UZbkPO1KMs1+K5iICs1Vhy8mHRNpIbJMvLZagKFqkL4279s9gmO1z01TCp6EprXLgA1VCqjZLKj8sW4LMBSmtw==",
      "dev": true,
      "requires": {
        "@babel/runtime": "^7.12.0",
        "@math.gl/core": "3.4.1",
        "gl-matrix": "^3.0.0"
      }
    },
    "@math.gl/polygon": {
      "version": "3.4.1",
      "resolved": "https://registry.npmjs.org/@math.gl/polygon/-/polygon-3.4.1.tgz",
      "integrity": "sha512-MsL3yeBmuKjMxTk//JUScsMKHU7X5P2JhJ6iml0V8juxRp2GcuVmxM4pKHQpukbnAvDDsIXypuxBuaWkmurB5A==",
      "dev": true,
      "requires": {
        "@math.gl/core": "3.4.1"
      }
    },
    "@math.gl/web-mercator": {
      "version": "3.4.1",
      "resolved": "https://registry.npmjs.org/@math.gl/web-mercator/-/web-mercator-3.4.1.tgz",
      "integrity": "sha512-5LAVmo5U25GY5YIxbI3D0J7r97B9AM5pAcWxnF9YhJx44DSVAYfMdiSISOfS+ivKuBFX44mFZvV9j75QY5aDkQ==",
      "dev": true,
      "requires": {
        "@babel/runtime": "^7.12.0",
        "gl-matrix": "^3.0.0"
      }
    },
    "@probe.gl/stats": {
      "version": "3.3.0",
      "resolved": "https://registry.npmjs.org/@probe.gl/stats/-/stats-3.3.0.tgz",
      "integrity": "sha512-CV4c3EgallqZTO88u34/u9L5asL0nCVP1BEkb4qcXlh8Qz2Vmygbyjz1ViQsct6rSi2lJ52lo6W0PnlpZJJvcA==",
      "dev": true,
      "requires": {
        "@babel/runtime": "^7.0.0"
      }
    },
    "@types/hammerjs": {
      "version": "2.0.36",
      "resolved": "https://registry.npmjs.org/@types/hammerjs/-/hammerjs-2.0.36.tgz",
      "integrity": "sha512-7TUK/k2/QGpEAv/BCwSHlYu3NXZhQ9ZwBYpzr9tjlPIL2C5BeGhH3DmVavRx3ZNyELX5TLC91JTz/cen6AAtIQ=="
    },
    "@types/node": {
      "version": "14.14.20",
      "resolved": "https://registry.npmjs.org/@types/node/-/node-14.14.20.tgz",
      "integrity": "sha512-Y93R97Ouif9JEOWPIUyU+eyIdyRqQR0I8Ez1dzku4hDx34NWh4HbtIc3WNzwB1Y9ULvNGeu5B8h8bVL5cAk4/A==",
      "dev": true
    },
    "@types/prop-types": {
      "version": "15.7.3",
      "resolved": "https://registry.npmjs.org/@types/prop-types/-/prop-types-15.7.3.tgz",
      "integrity": "sha512-KfRL3PuHmqQLOG+2tGpRO26Ctg+Cq1E01D2DMriKEATHgWLfeNDmq9e29Q9WIky0dQ3NPkd1mzYH8Lm936Z9qw=="
    },
    "@types/react": {
      "version": "17.0.0",
      "resolved": "https://registry.npmjs.org/@types/react/-/react-17.0.0.tgz",
      "integrity": "sha512-aj/L7RIMsRlWML3YB6KZiXB3fV2t41+5RBGYF8z+tAKU43Px8C3cYUZsDvf1/+Bm4FK21QWBrDutu8ZJ/70qOw==",
      "requires": {
        "@types/prop-types": "*",
        "csstype": "^3.0.2"
      }
    },
    "balanced-match": {
      "version": "1.0.0",
      "resolved": "https://registry.npmjs.org/balanced-match/-/balanced-match-1.0.0.tgz",
      "integrity": "sha1-ibTRmasr7kneFk6gK4nORi1xt2c=",
      "dev": true
    },
    "brace-expansion": {
      "version": "1.1.11",
      "resolved": "https://registry.npmjs.org/brace-expansion/-/brace-expansion-1.1.11.tgz",
      "integrity": "sha512-iCuPHDFgrHX7H2vEI/5xpz07zSHB00TpugqhmYtVmMO6518mCuRMoOYFldEBl0g187ufozdaHgWKcYFb61qGiA==",
      "dev": true,
      "requires": {
        "balanced-match": "^1.0.0",
        "concat-map": "0.0.1"
      }
    },
    "commander": {
      "version": "2.20.3",
      "resolved": "https://registry.npmjs.org/commander/-/commander-2.20.3.tgz",
      "integrity": "sha512-GpVkmM8vF2vQUkj2LvZmD35JxeJOLCwJ9cUkugyk2nuhbv3+mJvpLYYt+0+USMxE+oj+ey/lJEnhZw75x/OMcQ==",
      "dev": true
    },
    "concat-map": {
      "version": "0.0.1",
      "resolved": "https://registry.npmjs.org/concat-map/-/concat-map-0.0.1.tgz",
      "integrity": "sha1-2Klr13/Wjfd5OnMDajug1UBdR3s=",
      "dev": true
    },
    "csstype": {
      "version": "3.0.6",
      "resolved": "https://registry.npmjs.org/csstype/-/csstype-3.0.6.tgz",
      "integrity": "sha512-+ZAmfyWMT7TiIlzdqJgjMb7S4f1beorDbWbsocyK4RaiqA5RTX3K14bnBWmmA9QEM0gRdsjyyrEmcyga8Zsxmw=="
    },
    "d3-dsv": {
      "version": "1.2.0",
      "resolved": "https://registry.npmjs.org/d3-dsv/-/d3-dsv-1.2.0.tgz",
      "integrity": "sha512-9yVlqvZcSOMhCYzniHE7EVUws7Fa1zgw+/EAV2BxJoG3ME19V6BQFBwI855XQDsxyOuG7NibqRMTtiF/Qup46g==",
      "dev": true,
      "requires": {
        "commander": "2",
        "iconv-lite": "0.4",
        "rw": "1"
      }
    },
    "d3-hexbin": {
      "version": "0.2.2",
      "resolved": "https://registry.npmjs.org/d3-hexbin/-/d3-hexbin-0.2.2.tgz",
      "integrity": "sha1-nFg32s/UcasFM3qeke8Qv8T5iDE=",
      "dev": true
    },
    "deck.gl": {
      "version": "8.3.14",
      "resolved": "https://registry.npmjs.org/deck.gl/-/deck.gl-8.3.14.tgz",
      "integrity": "sha512-uhKDJLTEUxkyC1024KO1azSt7xwRBBXOvgSArwEQjJQBJMHC2XKEKuJNkcKZKsTHWNKtTOFFp3jgJpYDYOOsnQ==",
      "dev": true,
      "requires": {
        "@deck.gl/aggregation-layers": "8.3.14",
        "@deck.gl/carto": "8.3.14",
        "@deck.gl/core": "8.3.14",
        "@deck.gl/extensions": "8.3.14",
        "@deck.gl/geo-layers": "8.3.14",
        "@deck.gl/google-maps": "8.3.14",
        "@deck.gl/json": "8.3.14",
        "@deck.gl/layers": "8.3.14",
        "@deck.gl/mapbox": "8.3.14",
        "@deck.gl/mesh-layers": "8.3.14",
        "@deck.gl/react": "8.3.14"
      }
    },
    "draco3d": {
      "version": "1.4.1",
      "resolved": "https://registry.npmjs.org/draco3d/-/draco3d-1.4.1.tgz",
      "integrity": "sha512-9Rxonc70xiovBC+Bq1h57SNZIHzWTibU1VfIGp5z3Xx8dPtv4yT5uGhiH7P5uvJRR2jkrvHafRxR7bTANkvfpg==",
      "dev": true
    },
    "dts-generator": {
      "version": "3.0.0",
      "resolved": "https://registry.npmjs.org/dts-generator/-/dts-generator-3.0.0.tgz",
      "integrity": "sha512-IrFP0TUGnBOxr8Lth0hLh/iM9odZTRGYyr4Y46IRxyw1SGO1Vvf30+x4npck9yP4FbaRXbB0Zh7gvmiqUta7mg==",
      "dev": true,
      "requires": {
        "glob": "^7.1.3",
        "mkdirp": "^0.5.1"
      }
    },
    "earcut": {
      "version": "2.2.2",
      "resolved": "https://registry.npmjs.org/earcut/-/earcut-2.2.2.tgz",
      "integrity": "sha512-eZoZPPJcUHnfRZ0PjLvx2qBordSiO8ofC3vt+qACLM95u+4DovnbYNpQtJh0DNsWj8RnxrQytD4WA8gj5cRIaQ==",
      "dev": true
    },
    "esri-loader": {
      "version": "2.16.0",
      "resolved": "https://registry.npmjs.org/esri-loader/-/esri-loader-2.16.0.tgz",
      "integrity": "sha512-0lneVO6aizdRFt1mbrOsRgbF/F1v4LBUwKg+kfiBmoGJPf2ATFI/OimBlfeDI6J1rEQiWHi1PsALFCF4yRf2mw==",
      "dev": true
    },
    "expression-eval": {
      "version": "2.1.0",
      "resolved": "https://registry.npmjs.org/expression-eval/-/expression-eval-2.1.0.tgz",
      "integrity": "sha512-FUJO/Akvl/JOWkvlqZaqbkhsEWlCJWDeZG4tzX96UH68D9FeRgYgtb55C2qtqbORC0Q6x5419EDjWu4IT9kQfg==",
      "dev": true,
      "requires": {
        "jsep": "^0.3.0"
      }
    },
    "fs-extra": {
      "version": "7.0.1",
      "resolved": "https://registry.npmjs.org/fs-extra/-/fs-extra-7.0.1.tgz",
      "integrity": "sha512-YJDaCJZEnBmcbw13fvdAM9AwNOJwOzrE4pqMqBq5nFiEqXUqHwlK4B+3pUw6JNvfSPtX05xFHtYy/1ni01eGCw==",
      "requires": {
        "graceful-fs": "^4.1.2",
        "jsonfile": "^4.0.0",
        "universalify": "^0.1.0"
      }
    },
    "fs.realpath": {
      "version": "1.0.0",
      "resolved": "https://registry.npmjs.org/fs.realpath/-/fs.realpath-1.0.0.tgz",
      "integrity": "sha1-FQStJSMVjKpA20onh8sBQRmU6k8=",
      "dev": true
    },
    "gl-matrix": {
      "version": "3.3.0",
      "resolved": "https://registry.npmjs.org/gl-matrix/-/gl-matrix-3.3.0.tgz",
      "integrity": "sha512-COb7LDz+SXaHtl/h4LeaFcNdJdAQSDeVqjiIihSXNrkWObZLhDI4hIkZC11Aeqp7bcE72clzB0BnDXr2SmslRA==",
      "dev": true
    },
    "glob": {
      "version": "7.1.6",
      "resolved": "https://registry.npmjs.org/glob/-/glob-7.1.6.tgz",
      "integrity": "sha512-LwaxwyZ72Lk7vZINtNNrywX0ZuLyStrdDtabefZKAY5ZGJhVtgdznluResxNmPitE0SAO+O26sWTHeKSI2wMBA==",
      "dev": true,
      "requires": {
        "fs.realpath": "^1.0.0",
        "inflight": "^1.0.4",
        "inherits": "2",
        "minimatch": "^3.0.4",
        "once": "^1.3.0",
        "path-is-absolute": "^1.0.0"
      }
    },
    "graceful-fs": {
      "version": "4.2.4",
      "resolved": "https://registry.npmjs.org/graceful-fs/-/graceful-fs-4.2.4.tgz",
      "integrity": "sha512-WjKPNJF79dtJAVniUlGGWHYGz2jWxT6VhN/4m1NdkbZ2nOsEF+cI1Edgql5zCRhs/VsQYRvrXctxktVXZUkixw=="
    },
    "h3-js": {
      "version": "3.7.0",
      "resolved": "https://registry.npmjs.org/h3-js/-/h3-js-3.7.0.tgz",
      "integrity": "sha512-EcH/qGU4khZsAEG39Uu8MvaCing0JFcuoe3K4Xmg5MofDIu1cNJl7z2AQS8ggvXGxboiLJqsGirhEqFKdd2gAA==",
      "dev": true
    },
    "hammerjs": {
      "version": "2.0.8",
      "resolved": "https://registry.npmjs.org/hammerjs/-/hammerjs-2.0.8.tgz",
      "integrity": "sha1-BO93hiz/K7edMPdpIJWTAiK/YPE=",
      "dev": true
    },
    "iconv-lite": {
      "version": "0.4.24",
      "resolved": "https://registry.npmjs.org/iconv-lite/-/iconv-lite-0.4.24.tgz",
      "integrity": "sha512-v3MXnZAcvnywkTUEZomIActle7RXXeedOR31wwl7VlyoXO4Qi9arvSenNQWne1TcRwhCL1HwLI21bEqdpj8/rA==",
      "dev": true,
      "requires": {
        "safer-buffer": ">= 2.1.2 < 3"
      }
    },
    "ieee754": {
      "version": "1.2.1",
      "resolved": "https://registry.npmjs.org/ieee754/-/ieee754-1.2.1.tgz",
      "integrity": "sha512-dcyqhDvX1C46lXZcVqCpK+FtMRQVdIMN6/Df5js2zouUsqG7I6sFxitIC+7KYK29KdXOLHdu9zL4sFnoVQnqaA==",
      "dev": true
    },
    "indefinitely-typed": {
      "version": "1.1.0",
      "resolved": "https://registry.npmjs.org/indefinitely-typed/-/indefinitely-typed-1.1.0.tgz",
      "integrity": "sha512-giaI0hCj+wWZIZZLsmWHI+LrM4Hwc+rEZ/VrgCafKePcnE42fLnQTFt4xspqLin8fCjI5WnQr2fep/0EFqjaxw==",
      "requires": {
        "fs-extra": "^7.0.0",
        "minimist": "^1.2.5"
      }
    },
    "inflight": {
      "version": "1.0.6",
      "resolved": "https://registry.npmjs.org/inflight/-/inflight-1.0.6.tgz",
      "integrity": "sha1-Sb1jMdfQLQwJvJEKEHW6gWW1bfk=",
      "dev": true,
      "requires": {
        "once": "^1.3.0",
        "wrappy": "1"
      }
    },
    "inherits": {
      "version": "2.0.4",
      "resolved": "https://registry.npmjs.org/inherits/-/inherits-2.0.4.tgz",
      "integrity": "sha512-k/vGaX4/Yla3WzyMCvTQOXYeIHvqOKtnqBduzTHpzpQZzAskKMhZ2K+EnBiSM9zGSoIFeMpXKxa4dYeZIQqewQ==",
      "dev": true
    },
    "js-tokens": {
      "version": "4.0.0",
      "resolved": "https://registry.npmjs.org/js-tokens/-/js-tokens-4.0.0.tgz",
      "integrity": "sha512-RdJUflcE3cUzKiMqQgsCu06FPu9UdIJO0beYbPhHN4k6apgJtifcoCtT9bcxOpYBtpD2kCM6Sbzg4CausW/PKQ==",
      "dev": true
    },
    "jsep": {
      "version": "0.3.5",
      "resolved": "https://registry.npmjs.org/jsep/-/jsep-0.3.5.tgz",
      "integrity": "sha512-AoRLBDc6JNnKjNcmonituEABS5bcfqDhQAWWXNTFrqu6nVXBpBAGfcoTGZMFlIrh9FjmE1CQyX9CTNwZrXMMDA==",
      "dev": true
    },
    "jsonfile": {
      "version": "4.0.0",
      "resolved": "https://registry.npmjs.org/jsonfile/-/jsonfile-4.0.0.tgz",
      "integrity": "sha1-h3Gq4HmbZAdrdmQPygWPnBDjPss=",
      "requires": {
        "graceful-fs": "^4.1.6"
      }
    },
    "long": {
      "version": "3.2.0",
      "resolved": "https://registry.npmjs.org/long/-/long-3.2.0.tgz",
      "integrity": "sha1-2CG3E4yhy1gcFymQ7xTbIAtcR0s=",
      "dev": true
    },
    "loose-envify": {
      "version": "1.4.0",
      "resolved": "https://registry.npmjs.org/loose-envify/-/loose-envify-1.4.0.tgz",
      "integrity": "sha512-lyuxPGr/Wfhrlem2CL/UcnUc1zcqKAImBDzukY7Y5F/yQiNdko6+fRLevlw1HgMySw7f611UIY408EtxRSoK3Q==",
      "dev": true,
      "requires": {
        "js-tokens": "^3.0.0 || ^4.0.0"
      }
    },
    "math.gl": {
      "version": "3.4.1",
      "resolved": "https://registry.npmjs.org/math.gl/-/math.gl-3.4.1.tgz",
      "integrity": "sha512-D33ZXryVFcHu1YJ+fgcNp2MkyK+mEfHesHMdQUZBz2hFqIsAwXovM1sJ+0rTcs8IyTFmuRJ2ayHf1igEJEOM2g==",
      "dev": true,
      "requires": {
        "@math.gl/core": "3.4.1"
      }
    },
    "minimatch": {
      "version": "3.0.4",
      "resolved": "https://registry.npmjs.org/minimatch/-/minimatch-3.0.4.tgz",
      "integrity": "sha512-yJHVQEhyqPLUTgt9B83PXu6W3rx4MvvHvSUvToogpwoGDOUQ+yDrR0HRot+yOCdCO7u4hX3pWft6kWBBcqh0UA==",
      "dev": true,
      "requires": {
        "brace-expansion": "^1.1.7"
      }
    },
    "minimist": {
      "version": "1.2.5",
      "resolved": "https://registry.npmjs.org/minimist/-/minimist-1.2.5.tgz",
      "integrity": "sha512-FM9nNUYrRBAELZQT3xeZQ7fmMOBg6nWNmJKTcgsJeaLstP/UODVpGsr5OhXhhXg6f+qtJ8uiZ+PUxkDWcgIXLw=="
    },
    "mjolnir.js": {
      "version": "2.5.0",
      "resolved": "https://registry.npmjs.org/mjolnir.js/-/mjolnir.js-2.5.0.tgz",
      "integrity": "sha512-YkVoyKs7qm9xvAgRgjx3Md/7eYqmq7VXOgTKQNnmuzcBJzMebjdIWa7FdTd0RZBrw3UL6V6TTktsxJwBMLXUNA==",
      "dev": true,
      "requires": {
        "@babel/runtime": "^7.0.0",
        "hammerjs": "^2.0.8"
      }
    },
    "mkdirp": {
      "version": "0.5.5",
      "resolved": "https://registry.npmjs.org/mkdirp/-/mkdirp-0.5.5.tgz",
      "integrity": "sha512-NKmAlESf6jMGym1++R0Ra7wvhV+wFW63FaSOFPwRahvea0gMUcGUhVeAg/0BC0wiv9ih5NYPB1Wn1UEI1/L+xQ==",
      "dev": true,
      "requires": {
        "minimist": "^1.2.5"
      }
    },
    "object-assign": {
      "version": "4.1.1",
      "resolved": "https://registry.npmjs.org/object-assign/-/object-assign-4.1.1.tgz",
      "integrity": "sha1-IQmtx5ZYh8/AXLvUQsrIv7s2CGM=",
      "dev": true
    },
    "once": {
      "version": "1.4.0",
      "resolved": "https://registry.npmjs.org/once/-/once-1.4.0.tgz",
      "integrity": "sha1-WDsap3WWHUsROsF9nFC6753Xa9E=",
      "dev": true,
      "requires": {
        "wrappy": "1"
      }
    },
    "path-is-absolute": {
      "version": "1.0.1",
      "resolved": "https://registry.npmjs.org/path-is-absolute/-/path-is-absolute-1.0.1.tgz",
      "integrity": "sha1-F0uSaHNVNP+8es5r9TpanhtcX18=",
      "dev": true
    },
    "pbf": {
      "version": "3.2.1",
      "resolved": "https://registry.npmjs.org/pbf/-/pbf-3.2.1.tgz",
      "integrity": "sha512-ClrV7pNOn7rtmoQVF4TS1vyU0WhYRnP92fzbfF75jAIwpnzdJXf8iTd4CMEqO4yUenH6NDqLiwjqlh6QgZzgLQ==",
      "dev": true,
      "requires": {
        "ieee754": "^1.1.12",
        "resolve-protobuf-schema": "^2.1.0"
      }
    },
    "probe.gl": {
      "version": "3.3.0",
      "resolved": "https://registry.npmjs.org/probe.gl/-/probe.gl-3.3.0.tgz",
      "integrity": "sha512-59E6AEw4N8sU4PKfAl7S2UBYJCOa064WpEFcXfeFOB/36FJtplYY+261DqLjLAvOqRRHiKVEQUBo63PQ3jKeWA==",
      "dev": true,
      "requires": {
        "@babel/runtime": "^7.0.0",
        "@probe.gl/stats": "3.3.0"
      }
    },
    "prop-types": {
      "version": "15.7.2",
      "resolved": "https://registry.npmjs.org/prop-types/-/prop-types-15.7.2.tgz",
      "integrity": "sha512-8QQikdH7//R2vurIJSutZ1smHYTcLpRWEOlHnzcWHmBYrOGUysKwSsrC89BCiFj3CbrfJ/nXFdJepOVrY1GCHQ==",
      "dev": true,
      "requires": {
        "loose-envify": "^1.4.0",
        "object-assign": "^4.1.1",
        "react-is": "^16.8.1"
      }
    },
    "protocol-buffers-schema": {
      "version": "3.4.0",
      "resolved": "https://registry.npmjs.org/protocol-buffers-schema/-/protocol-buffers-schema-3.4.0.tgz",
      "integrity": "sha512-G/2kcamPF2S49W5yaMGdIpkG6+5wZF0fzBteLKgEHjbNzqjZQ85aAs1iJGto31EJaSTkNvHs5IXuHSaTLWBAiA==",
      "dev": true
    },
    "react-is": {
      "version": "16.13.1",
      "resolved": "https://registry.npmjs.org/react-is/-/react-is-16.13.1.tgz",
      "integrity": "sha512-24e6ynE2H+OKt4kqsOvNd8kBpV65zoxbA4BVsEOB3ARVWQki/DHzaUoC5KuON/BiccDaCCTZBuOcfZs70kR8bQ==",
      "dev": true
    },
    "regenerator-runtime": {
      "version": "0.13.7",
      "resolved": "https://registry.npmjs.org/regenerator-runtime/-/regenerator-runtime-0.13.7.tgz",
      "integrity": "sha512-a54FxoJDIr27pgf7IgeQGxmqUNYrcV338lf/6gH456HZ/PhX+5BcwHXG9ajESmwe6WRO0tAzRUrRmNONWgkrew==",
      "dev": true
    },
    "resolve-protobuf-schema": {
      "version": "2.1.0",
      "resolved": "https://registry.npmjs.org/resolve-protobuf-schema/-/resolve-protobuf-schema-2.1.0.tgz",
      "integrity": "sha512-kI5ffTiZWmJaS/huM8wZfEMer1eRd7oJQhDuxeCLe3t7N7mX3z94CN0xPxBQxFYQTSNz9T0i+v6inKqSdK8xrQ==",
      "dev": true,
      "requires": {
        "protocol-buffers-schema": "^3.3.1"
      }
    },
    "rw": {
      "version": "1.3.3",
      "resolved": "https://registry.npmjs.org/rw/-/rw-1.3.3.tgz",
      "integrity": "sha1-P4Yt+pGrdmsUiF700BEkv9oHT7Q=",
      "dev": true
    },
    "safer-buffer": {
      "version": "2.1.2",
      "resolved": "https://registry.npmjs.org/safer-buffer/-/safer-buffer-2.1.2.tgz",
      "integrity": "sha512-YZo3K82SD7Riyi0E1EQPojLz7kpepnSQI9IyPbHHg1XXXevb5dJI7tpyN2ADxGcQbHG7vcyRHk0cbwqcQriUtg==",
      "dev": true
    },
    "typescript": {
      "version": "3.9.7",
      "resolved": "https://registry.npmjs.org/typescript/-/typescript-3.9.7.tgz",
      "integrity": "sha512-BLbiRkiBzAwsjut4x/dsibSTB6yWpwT5qWmC2OfuCg3GgVQCSgMs4vEctYPhsaGtd0AeuuHMkjZ2h2WG8MSzRw==",
      "dev": true
    },
    "universalify": {
      "version": "0.1.2",
      "resolved": "https://registry.npmjs.org/universalify/-/universalify-0.1.2.tgz",
      "integrity": "sha512-rBJeI5CXAlmy1pV+617WB9J63U6XcazHHF2f2dbJix4XzpUF0RS3Zbj0FGIOCAva5P/d/GBOYaACQ1w+0azUkg=="
    },
    "wrappy": {
      "version": "1.0.2",
      "resolved": "https://registry.npmjs.org/wrappy/-/wrappy-1.0.2.tgz",
      "integrity": "sha1-tSQ9jz7BqjXxNkYFvA0QNuMKtp8=",
      "dev": true
    }
  }
}
